
Microsoft Visual Studio Solution File, Format Version 12.00
# Visual Studio Version 17
VisualStudioVersion = 17.11.35222.181
MinimumVisualStudioVersion = 10.0.40219.1
Project("{9A19103F-16F7-4668-BE54-9A1E7A4F7556}") = "VectorGraphicViewer", "VectorGraphicViewer\VectorGraphicViewer.csproj", "{724748AE-CE56-4B0E-BE37-4621A02DBFAF}"
EndProject
Project("{2150E333-8FDC-42A3-9474-1A3956D46DE8}") = "VectorViewer", "VectorViewer", "{C5215801-5F2D-44E3-B31E-91CAF5923B36}"
EndProject
Project("{2150E333-8FDC-42A3-9474-1A3956D46DE8}") = "VectorViewerUnitTest", "VectorViewerUnitTest", "{DF910693-D07A-4AC5-98E6-B41CB8792B9F}"
EndProject
Project("{FAE04EC0-301F-11D3-BF4B-00C04F79EFBC}") = "VectorGraphicViewerUnitTest", "VectorGraphicViewerUnitTest\VectorGraphicViewerUnitTest.csproj", "{25D8C10C-5814-44E6-84D9-4203F396C495}"
EndProject
Global
	GlobalSection(SolutionConfigurationPlatforms) = preSolution
		Debug|Any CPU = Debug|Any CPU
		Release|Any CPU = Release|Any CPU
	EndGlobalSection
	GlobalSection(ProjectConfigurationPlatforms) = postSolution
		{724748AE-CE56-4B0E-BE37-4621A02DBFAF}.Debug|Any CPU.ActiveCfg = Debug|Any CPU
		{724748AE-CE56-4B0E-BE37-4621A02DBFAF}.Debug|Any CPU.Build.0 = Debug|Any CPU
		{724748AE-CE56-4B0E-BE37-4621A02DBFAF}.Release|Any CPU.ActiveCfg = Release|Any CPU
		{724748AE-CE56-4B0E-BE37-4621A02DBFAF}.Release|Any CPU.Build.0 = Release|Any CPU
		{25D8C10C-5814-44E6-84D9-4203F396C495}.Debug|Any CPU.ActiveCfg = Debug|Any CPU
		{25D8C10C-5814-44E6-84D9-4203F396C495}.Debug|Any CPU.Build.0 = Debug|Any CPU
		{25D8C10C-5814-44E6-84D9-4203F396C495}.Release|Any CPU.ActiveCfg = Release|Any CPU
		{25D8C10C-5814-44E6-84D9-4203F396C495}.Release|Any CPU.Build.0 = Release|Any CPU
	EndGlobalSection
	GlobalSection(SolutionProperties) = preSolution
		HideSolutionNode = FALSE
	EndGlobalSection
	GlobalSection(NestedProjects) = preSolution
		{724748AE-CE56-4B0E-BE37-4621A02DBFAF} = {C5215801-5F2D-44E3-B31E-91CAF5923B36}
		{25D8C10C-5814-44E6-84D9-4203F396C495} = {DF910693-D07A-4AC5-98E6-B41CB8792B9F}
	EndGlobalSection
	GlobalSection(ExtensibilityGlobals) = postSolution
		SolutionGuid = {952FD29A-1312-433B-B408-BDFCBF5CDC23}
	EndGlobalSection
EndGlobal
